
Microsoft Visual Studio Solution File, Format Version 12.00
# Visual Studio Version 17
VisualStudioVersion = 17.14.36414.22
MinimumVisualStudioVersion = 10.0.40219.1
Project("{FAE04EC0-301F-11D3-BF4B-00C04F79EFBC}") = "ApiLesson1", "ApiLesson1\ApiLesson1.csproj", "{BE5FE753-4D77-49E6-9A0D-EFABF8C9E3FE}"
EndProject
Project("{FAE04EC0-301F-11D3-BF4B-00C04F79EFBC}") = "ApiLesson2", "ApiLesson2\ApiLesson2.csproj", "{81198B5B-A31A-4E88-B26E-D7C7531543D1}"
EndProject
Global
	GlobalSection(SolutionConfigurationPlatforms) = preSolution
		Debug|Any CPU = Debug|Any CPU
		Release|Any CPU = Release|Any CPU
	EndGlobalSection
	GlobalSection(ProjectConfigurationPlatforms) = postSolution
		{BE5FE753-4D77-49E6-9A0D-EFABF8C9E3FE}.Debug|Any CPU.ActiveCfg = Debug|Any CPU
		{BE5FE753-4D77-49E6-9A0D-EFABF8C9E3FE}.Debug|Any CPU.Build.0 = Debug|Any CPU
		{BE5FE753-4D77-49E6-9A0D-EFABF8C9E3FE}.Release|Any CPU.ActiveCfg = Release|Any CPU
		{BE5FE753-4D77-49E6-9A0D-EFABF8C9E3FE}.Release|Any CPU.Build.0 = Release|Any CPU
		{81198B5B-A31A-4E88-B26E-D7C7531543D1}.Debug|Any CPU.ActiveCfg = Debug|Any CPU
		{81198B5B-A31A-4E88-B26E-D7C7531543D1}.Debug|Any CPU.Build.0 = Debug|Any CPU
		{81198B5B-A31A-4E88-B26E-D7C7531543D1}.Release|Any CPU.ActiveCfg = Release|Any CPU
		{81198B5B-A31A-4E88-B26E-D7C7531543D1}.Release|Any CPU.Build.0 = Release|Any CPU
	EndGlobalSection
	GlobalSection(SolutionProperties) = preSolution
		HideSolutionNode = FALSE
	EndGlobalSection
	GlobalSection(ExtensibilityGlobals) = postSolution
		SolutionGuid = {81589E51-1F8E-4F98-B796-47B7CBC2F1A2}
	EndGlobalSection
EndGlobal
